// !$*UTF8*$!
{
	archiveVersion = 1;
	classes = {
	};
	objectVersion = 46;
	objects = {

/* Begin PBXBuildFile section */
		0C1AFCE11CD5437000D1E20F /* coin.wav in Resources */ = {isa = PBXBuildFile; fileRef = 0C1AFCD81CD5437000D1E20F /* coin.wav */; };
		0C1AFCE21CD5437000D1E20F /* enemy.wav in Resources */ = {isa = PBXBuildFile; fileRef = 0C1AFCD91CD5437000D1E20F /* enemy.wav */; };
		0C1AFCE31CD5437000D1E20F /* enemy2.wav in Resources */ = {isa = PBXBuildFile; fileRef = 0C1AFCDA1CD5437000D1E20F /* enemy2.wav */; };
		0C1AFCE41CD5437000D1E20F /* highscore.wav in Resources */ = {isa = PBXBuildFile; fileRef = 0C1AFCDB1CD5437000D1E20F /* highscore.wav */; };
		0C1AFCE51CD5437000D1E20F /* menu.wav in Resources */ = {isa = PBXBuildFile; fileRef = 0C1AFCDC1CD5437000D1E20F /* menu.wav */; };
		0C1AFCE61CD5437000D1E20F /* outoftime.wav in Resources */ = {isa = PBXBuildFile; fileRef = 0C1AFCDD1CD5437000D1E20F /* outoftime.wav */; };
		0C1AFCE71CD5437000D1E20F /* start.wav in Resources */ = {isa = PBXBuildFile; fileRef = 0C1AFCDE1CD5437000D1E20F /* start.wav */; };
		0C1AFCE81CD5437000D1E20F /* win.wav in Resources */ = {isa = PBXBuildFile; fileRef = 0C1AFCDF1CD5437000D1E20F /* win.wav */; };
		0C1AFCE91CD5437000D1E20F /* win2.wav in Resources */ = {isa = PBXBuildFile; fileRef = 0C1AFCE01CD5437000D1E20F /* win2.wav */; };
		0C5EF7F71CB9CA8200707CFF /* Maze.swift in Sources */ = {isa = PBXBuildFile; fileRef = 0C5EF7F61CB9CA8200707CFF /* Maze.swift */; };
		0C5EF7F91CB9D0A700707CFF /* MazeView.swift in Sources */ = {isa = PBXBuildFile; fileRef = 0C5EF7F81CB9D0A700707CFF /* MazeView.swift */; };
		0C5EF7FB1CB9DC9B00707CFF /* Default-568h@2x.png in Resources */ = {isa = PBXBuildFile; fileRef = 0C5EF7FA1CB9DC9B00707CFF /* Default-568h@2x.png */; };
		0C97F9851CCDC74000C7C2CD /* Collision.swift in Sources */ = {isa = PBXBuildFile; fileRef = 0C97F9841CCDC74000C7C2CD /* Collision.swift */; };
		0CCC74AB1CD405CD00FF9895 /* MazeViewCellPriorityQueue.swift in Sources */ = {isa = PBXBuildFile; fileRef = 0CCC74AA1CD405CD00FF9895 /* MazeViewCellPriorityQueue.swift */; };
		185EFBFE1CCACE0300C3F3BB /* ScoreManager.swift in Sources */ = {isa = PBXBuildFile; fileRef = 185EFBFD1CCACE0300C3F3BB /* ScoreManager.swift */; };
		185EFC021CCACFA800C3F3BB /* GameManager.swift in Sources */ = {isa = PBXBuildFile; fileRef = 185EFC011CCACFA800C3F3BB /* GameManager.swift */; };
		187AFA691CBEF2DB00750D79 /* GameLoop.swift in Sources */ = {isa = PBXBuildFile; fileRef = 187AFA681CBEF2DB00750D79 /* GameLoop.swift */; };
		187AFA6B1CBEF5EF00750D79 /* EnemyView.swift in Sources */ = {isa = PBXBuildFile; fileRef = 187AFA6A1CBEF5EF00750D79 /* EnemyView.swift */; };
		450CA16E1CD455DD00D78B63 /* MainMenuView.swift in Sources */ = {isa = PBXBuildFile; fileRef = 450CA16D1CD455DD00D78B63 /* MainMenuView.swift */; };
		450CA1701CD455F300D78B63 /* OptionsView.swift in Sources */ = {isa = PBXBuildFile; fileRef = 450CA16F1CD455F300D78B63 /* OptionsView.swift */; };
		450CA1721CD4560700D78B63 /* PauseView.swift in Sources */ = {isa = PBXBuildFile; fileRef = 450CA1711CD4560700D78B63 /* PauseView.swift */; };
		450CA1741CD4561500D78B63 /* NewGameView.swift in Sources */ = {isa = PBXBuildFile; fileRef = 450CA1731CD4561500D78B63 /* NewGameView.swift */; };
		450CA1761CD4562600D78B63 /* MainMenuViewController.swift in Sources */ = {isa = PBXBuildFile; fileRef = 450CA1751CD4562600D78B63 /* MainMenuViewController.swift */; };
		450CA1781CD4563900D78B63 /* OptionsViewController.swift in Sources */ = {isa = PBXBuildFile; fileRef = 450CA1771CD4563900D78B63 /* OptionsViewController.swift */; };
		450CA17A1CD4565400D78B63 /* PauseViewController.swift in Sources */ = {isa = PBXBuildFile; fileRef = 450CA1791CD4565400D78B63 /* PauseViewController.swift */; };
		450CA17C1CD4583F00D78B63 /* NewGameViewController.swift in Sources */ = {isa = PBXBuildFile; fileRef = 450CA17B1CD4583F00D78B63 /* NewGameViewController.swift */; };
		453B5D1E1CB85C0600FF61F8 /* AppDelegate.swift in Sources */ = {isa = PBXBuildFile; fileRef = 453B5D1D1CB85C0600FF61F8 /* AppDelegate.swift */; };
		453B5D251CB85C0600FF61F8 /* Assets.xcassets in Resources */ = {isa = PBXBuildFile; fileRef = 453B5D241CB85C0600FF61F8 /* Assets.xcassets */; };
		4553B6E91CCAD3710010C746 /* GameViewController.swift in Sources */ = {isa = PBXBuildFile; fileRef = 4553B6E61CCAD3710010C746 /* GameViewController.swift */; };
		4553B6EA1CCAD3710010C746 /* Gyro.swift in Sources */ = {isa = PBXBuildFile; fileRef = 4553B6E71CCAD3710010C746 /* Gyro.swift */; };
		4553B6EB1CCAD3710010C746 /* PlayerView.swift in Sources */ = {isa = PBXBuildFile; fileRef = 4553B6E81CCAD3710010C746 /* PlayerView.swift */; };
		4566472C1CD561D50061B5A4 /* GameOverView.swift in Sources */ = {isa = PBXBuildFile; fileRef = 4566472B1CD561D50061B5A4 /* GameOverView.swift */; };
		4566472E1CD561E40061B5A4 /* LevelCompleteView.swift in Sources */ = {isa = PBXBuildFile; fileRef = 4566472D1CD561E40061B5A4 /* LevelCompleteView.swift */; };
		456647301CD561F10061B5A4 /* LevelCompleteViewController.swift in Sources */ = {isa = PBXBuildFile; fileRef = 4566472F1CD561F10061B5A4 /* LevelCompleteViewController.swift */; };
		456647321CD561FC0061B5A4 /* GameOverViewController.swift in Sources */ = {isa = PBXBuildFile; fileRef = 456647311CD561FC0061B5A4 /* GameOverViewController.swift */; };
		456647341CD562DF0061B5A4 /* LabData.plist in Resources */ = {isa = PBXBuildFile; fileRef = 456647331CD562DF0061B5A4 /* LabData.plist */; };
		456647381CD567C10061B5A4 /* GameTimer.swift in Sources */ = {isa = PBXBuildFile; fileRef = 456647371CD567C10061B5A4 /* GameTimer.swift */; };
		4566473A1CD589F60061B5A4 /* HighScoreViewController.swift in Sources */ = {isa = PBXBuildFile; fileRef = 456647391CD589F60061B5A4 /* HighScoreViewController.swift */; };
		4566473C1CD589FF0061B5A4 /* HighScoreView.swift in Sources */ = {isa = PBXBuildFile; fileRef = 4566473B1CD589FF0061B5A4 /* HighScoreView.swift */; };
		457B672F1CD426FE00EE127D /* AudioManager.swift in Sources */ = {isa = PBXBuildFile; fileRef = 457B672E1CD426FE00EE127D /* AudioManager.swift */; };
		45A0BD261CD7EC72000A16B5 /* alien.png in Resources */ = {isa = PBXBuildFile; fileRef = 45A0BD231CD7EC72000A16B5 /* alien.png */; };
		45A0BD271CD7EC72000A16B5 /* coin.png in Resources */ = {isa = PBXBuildFile; fileRef = 45A0BD241CD7EC72000A16B5 /* coin.png */; };
		45A0BD2A1CD7EFA4000A16B5 /* goal.png in Resources */ = {isa = PBXBuildFile; fileRef = 45A0BD291CD7EFA4000A16B5 /* goal.png */; };
		45A0BD2C1CD7F228000A16B5 /* ship.png in Resources */ = {isa = PBXBuildFile; fileRef = 45A0BD2B1CD7F228000A16B5 /* ship.png */; };
		45A0BD351CD7F42F000A16B5 /* authors.png in Resources */ = {isa = PBXBuildFile; fileRef = 45A0BD2E1CD7F42F000A16B5 /* authors.png */; };
		45A0BD361CD7F42F000A16B5 /* gameover.png in Resources */ = {isa = PBXBuildFile; fileRef = 45A0BD2F1CD7F42F000A16B5 /* gameover.png */; };
		45A0BD371CD7F42F000A16B5 /* highscores.png in Resources */ = {isa = PBXBuildFile; fileRef = 45A0BD301CD7F42F000A16B5 /* highscores.png */; };
		45A0BD381CD7F42F000A16B5 /* missioncomplete.png in Resources */ = {isa = PBXBuildFile; fileRef = 45A0BD311CD7F42F000A16B5 /* missioncomplete.png */; };
		45A0BD391CD7F42F000A16B5 /* newmission.png in Resources */ = {isa = PBXBuildFile; fileRef = 45A0BD321CD7F42F000A16B5 /* newmission.png */; };
		45A0BD3A1CD7F42F000A16B5 /* options.png in Resources */ = {isa = PBXBuildFile; fileRef = 45A0BD331CD7F42F000A16B5 /* options.png */; };
		45A0BD3B1CD7F42F000A16B5 /* title_logo.png in Resources */ = {isa = PBXBuildFile; fileRef = 45A0BD341CD7F42F000A16B5 /* title_logo.png */; };
		45A0BD411CD7FC30000A16B5 /* currentscore.png in Resources */ = {isa = PBXBuildFile; fileRef = 45A0BD3C1CD7FC30000A16B5 /* currentscore.png */; };
		45A0BD421CD7FC30000A16B5 /* fxlevel.png in Resources */ = {isa = PBXBuildFile; fileRef = 45A0BD3D1CD7FC30000A16B5 /* fxlevel.png */; };
		45A0BD431CD7FC30000A16B5 /* lifetimescore.png in Resources */ = {isa = PBXBuildFile; fileRef = 45A0BD3E1CD7FC30000A16B5 /* lifetimescore.png */; };
		45A0BD441CD7FC30000A16B5 /* musiclevel.png in Resources */ = {isa = PBXBuildFile; fileRef = 45A0BD3F1CD7FC30000A16B5 /* musiclevel.png */; };
		45A0BD451CD7FC30000A16B5 /* paused.png in Resources */ = {isa = PBXBuildFile; fileRef = 45A0BD401CD7FC30000A16B5 /* paused.png */; };
		45A0BD471CD81446000A16B5 /* README.txt in Resources */ = {isa = PBXBuildFile; fileRef = 45A0BD461CD81446000A16B5 /* README.txt */; };
		45C7A4991CD6BFAC00594D16 /* mainMusic.mp3 in Resources */ = {isa = PBXBuildFile; fileRef = 45C7A4981CD6BFAC00594D16 /* mainMusic.mp3 */; };
		45C7A4A71CD6D77E00594D16 /* blackHole.jpg in Resources */ = {isa = PBXBuildFile; fileRef = 45C7A49B1CD6D77E00594D16 /* blackHole.jpg */; };
		45C7A4A81CD6D77E00594D16 /* halo.jpg in Resources */ = {isa = PBXBuildFile; fileRef = 45C7A49C1CD6D77E00594D16 /* halo.jpg */; };
		45C7A4A91CD6D77E00594D16 /* labryinth1.jpg in Resources */ = {isa = PBXBuildFile; fileRef = 45C7A49D1CD6D77E00594D16 /* labryinth1.jpg */; };
		45C7A4AA1CD6D77E00594D16 /* labryinth2.jpg in Resources */ = {isa = PBXBuildFile; fileRef = 45C7A49E1CD6D77E00594D16 /* labryinth2.jpg */; };
		45C7A4AB1CD6D77E00594D16 /* shuttleLaunch.jpg in Resources */ = {isa = PBXBuildFile; fileRef = 45C7A49F1CD6D77E00594D16 /* shuttleLaunch.jpg */; };
		45C7A4AC1CD6D77E00594D16 /* space.jpg in Resources */ = {isa = PBXBuildFile; fileRef = 45C7A4A01CD6D77E00594D16 /* space.jpg */; };
		45C7A4AD1CD6D77E00594D16 /* space1.jpg in Resources */ = {isa = PBXBuildFile; fileRef = 45C7A4A11CD6D77E00594D16 /* space1.jpg */; };
		45C7A4AE1CD6D77E00594D16 /* space2.jpg in Resources */ = {isa = PBXBuildFile; fileRef = 45C7A4A21CD6D77E00594D16 /* space2.jpg */; };
		45C7A4AF1CD6D77E00594D16 /* space3.jpg in Resources */ = {isa = PBXBuildFile; fileRef = 45C7A4A31CD6D77E00594D16 /* space3.jpg */; };
		45C7A4B01CD6D77E00594D16 /* space4.jpg in Resources */ = {isa = PBXBuildFile; fileRef = 45C7A4A41CD6D77E00594D16 /* space4.jpg */; };
		45C7A4B11CD6D77E00594D16 /* space5.jpg in Resources */ = {isa = PBXBuildFile; fileRef = 45C7A4A51CD6D77E00594D16 /* space5.jpg */; };
		45C7A4B21CD6D77E00594D16 /* space6.jpg in Resources */ = {isa = PBXBuildFile; fileRef = 45C7A4A61CD6D77E00594D16 /* space6.jpg */; };
/* End PBXBuildFile section */

/* Begin PBXFileReference section */
		0C1AFCD81CD5437000D1E20F /* coin.wav */ = {isa = PBXFileReference; lastKnownFileType = audio.wav; path = coin.wav; sourceTree = "<group>"; };
		0C1AFCD91CD5437000D1E20F /* enemy.wav */ = {isa = PBXFileReference; lastKnownFileType = audio.wav; path = enemy.wav; sourceTree = "<group>"; };
		0C1AFCDA1CD5437000D1E20F /* enemy2.wav */ = {isa = PBXFileReference; lastKnownFileType = audio.wav; path = enemy2.wav; sourceTree = "<group>"; };
		0C1AFCDB1CD5437000D1E20F /* highscore.wav */ = {isa = PBXFileReference; lastKnownFileType = audio.wav; path = highscore.wav; sourceTree = "<group>"; };
		0C1AFCDC1CD5437000D1E20F /* menu.wav */ = {isa = PBXFileReference; lastKnownFileType = audio.wav; path = menu.wav; sourceTree = "<group>"; };
		0C1AFCDD1CD5437000D1E20F /* outoftime.wav */ = {isa = PBXFileReference; lastKnownFileType = audio.wav; path = outoftime.wav; sourceTree = "<group>"; };
		0C1AFCDE1CD5437000D1E20F /* start.wav */ = {isa = PBXFileReference; lastKnownFileType = audio.wav; path = start.wav; sourceTree = "<group>"; };
		0C1AFCDF1CD5437000D1E20F /* win.wav */ = {isa = PBXFileReference; lastKnownFileType = audio.wav; path = win.wav; sourceTree = "<group>"; };
		0C1AFCE01CD5437000D1E20F /* win2.wav */ = {isa = PBXFileReference; lastKnownFileType = audio.wav; path = win2.wav; sourceTree = "<group>"; };
		0C5EF7F61CB9CA8200707CFF /* Maze.swift */ = {isa = PBXFileReference; fileEncoding = 4; lastKnownFileType = sourcecode.swift; path = Maze.swift; sourceTree = "<group>"; };
		0C5EF7F81CB9D0A700707CFF /* MazeView.swift */ = {isa = PBXFileReference; fileEncoding = 4; lastKnownFileType = sourcecode.swift; path = MazeView.swift; sourceTree = "<group>"; };
		0C5EF7FA1CB9DC9B00707CFF /* Default-568h@2x.png */ = {isa = PBXFileReference; lastKnownFileType = image.png; path = "Default-568h@2x.png"; sourceTree = "<group>"; };
		0C97F9841CCDC74000C7C2CD /* Collision.swift */ = {isa = PBXFileReference; fileEncoding = 4; lastKnownFileType = sourcecode.swift; path = Collision.swift; sourceTree = "<group>"; };
		0CCC74AA1CD405CD00FF9895 /* MazeViewCellPriorityQueue.swift */ = {isa = PBXFileReference; fileEncoding = 4; lastKnownFileType = sourcecode.swift; path = MazeViewCellPriorityQueue.swift; sourceTree = "<group>"; };
		185EFBFD1CCACE0300C3F3BB /* ScoreManager.swift */ = {isa = PBXFileReference; fileEncoding = 4; lastKnownFileType = sourcecode.swift; path = ScoreManager.swift; sourceTree = "<group>"; };
		185EFC011CCACFA800C3F3BB /* GameManager.swift */ = {isa = PBXFileReference; fileEncoding = 4; lastKnownFileType = sourcecode.swift; path = GameManager.swift; sourceTree = "<group>"; };
		187AFA681CBEF2DB00750D79 /* GameLoop.swift */ = {isa = PBXFileReference; fileEncoding = 4; lastKnownFileType = sourcecode.swift; name = GameLoop.swift; path = LabryinthMaster/GameLoop.swift; sourceTree = "<group>"; };
		187AFA6A1CBEF5EF00750D79 /* EnemyView.swift */ = {isa = PBXFileReference; fileEncoding = 4; lastKnownFileType = sourcecode.swift; path = EnemyView.swift; sourceTree = "<group>"; };
		450CA16D1CD455DD00D78B63 /* MainMenuView.swift */ = {isa = PBXFileReference; fileEncoding = 4; lastKnownFileType = sourcecode.swift; path = MainMenuView.swift; sourceTree = "<group>"; };
		450CA16F1CD455F300D78B63 /* OptionsView.swift */ = {isa = PBXFileReference; fileEncoding = 4; lastKnownFileType = sourcecode.swift; path = OptionsView.swift; sourceTree = "<group>"; };
		450CA1711CD4560700D78B63 /* PauseView.swift */ = {isa = PBXFileReference; fileEncoding = 4; lastKnownFileType = sourcecode.swift; path = PauseView.swift; sourceTree = "<group>"; };
		450CA1731CD4561500D78B63 /* NewGameView.swift */ = {isa = PBXFileReference; fileEncoding = 4; lastKnownFileType = sourcecode.swift; path = NewGameView.swift; sourceTree = "<group>"; };
		450CA1751CD4562600D78B63 /* MainMenuViewController.swift */ = {isa = PBXFileReference; fileEncoding = 4; lastKnownFileType = sourcecode.swift; path = MainMenuViewController.swift; sourceTree = "<group>"; };
		450CA1771CD4563900D78B63 /* OptionsViewController.swift */ = {isa = PBXFileReference; fileEncoding = 4; lastKnownFileType = sourcecode.swift; path = OptionsViewController.swift; sourceTree = "<group>"; };
		450CA1791CD4565400D78B63 /* PauseViewController.swift */ = {isa = PBXFileReference; fileEncoding = 4; lastKnownFileType = sourcecode.swift; path = PauseViewController.swift; sourceTree = "<group>"; };
		450CA17B1CD4583F00D78B63 /* NewGameViewController.swift */ = {isa = PBXFileReference; fileEncoding = 4; lastKnownFileType = sourcecode.swift; path = NewGameViewController.swift; sourceTree = "<group>"; };
		453B5D1A1CB85C0600FF61F8 /* LabryinthMaster.app */ = {isa = PBXFileReference; explicitFileType = wrapper.application; includeInIndex = 0; path = LabryinthMaster.app; sourceTree = BUILT_PRODUCTS_DIR; };
		453B5D1D1CB85C0600FF61F8 /* AppDelegate.swift */ = {isa = PBXFileReference; lastKnownFileType = sourcecode.swift; path = AppDelegate.swift; sourceTree = "<group>"; };
		453B5D241CB85C0600FF61F8 /* Assets.xcassets */ = {isa = PBXFileReference; lastKnownFileType = folder.assetcatalog; path = Assets.xcassets; sourceTree = "<group>"; };
		453B5D291CB85C0600FF61F8 /* Info.plist */ = {isa = PBXFileReference; lastKnownFileType = text.plist.xml; path = Info.plist; sourceTree = "<group>"; };
		4553B6E61CCAD3710010C746 /* GameViewController.swift */ = {isa = PBXFileReference; fileEncoding = 4; lastKnownFileType = sourcecode.swift; path = GameViewController.swift; sourceTree = "<group>"; };
		4553B6E71CCAD3710010C746 /* Gyro.swift */ = {isa = PBXFileReference; fileEncoding = 4; lastKnownFileType = sourcecode.swift; path = Gyro.swift; sourceTree = "<group>"; };
		4553B6E81CCAD3710010C746 /* PlayerView.swift */ = {isa = PBXFileReference; fileEncoding = 4; lastKnownFileType = sourcecode.swift; path = PlayerView.swift; sourceTree = "<group>"; };
		4566472B1CD561D50061B5A4 /* GameOverView.swift */ = {isa = PBXFileReference; fileEncoding = 4; lastKnownFileType = sourcecode.swift; path = GameOverView.swift; sourceTree = "<group>"; };
		4566472D1CD561E40061B5A4 /* LevelCompleteView.swift */ = {isa = PBXFileReference; fileEncoding = 4; lastKnownFileType = sourcecode.swift; path = LevelCompleteView.swift; sourceTree = "<group>"; };
		4566472F1CD561F10061B5A4 /* LevelCompleteViewController.swift */ = {isa = PBXFileReference; fileEncoding = 4; lastKnownFileType = sourcecode.swift; path = LevelCompleteViewController.swift; sourceTree = "<group>"; };
		456647311CD561FC0061B5A4 /* GameOverViewController.swift */ = {isa = PBXFileReference; fileEncoding = 4; lastKnownFileType = sourcecode.swift; path = GameOverViewController.swift; sourceTree = "<group>"; };
		456647331CD562DF0061B5A4 /* LabData.plist */ = {isa = PBXFileReference; fileEncoding = 4; lastKnownFileType = text.plist.xml; path = LabData.plist; sourceTree = "<group>"; };
		456647371CD567C10061B5A4 /* GameTimer.swift */ = {isa = PBXFileReference; fileEncoding = 4; lastKnownFileType = sourcecode.swift; path = GameTimer.swift; sourceTree = "<group>"; };
		456647391CD589F60061B5A4 /* HighScoreViewController.swift */ = {isa = PBXFileReference; fileEncoding = 4; lastKnownFileType = sourcecode.swift; path = HighScoreViewController.swift; sourceTree = "<group>"; };
		4566473B1CD589FF0061B5A4 /* HighScoreView.swift */ = {isa = PBXFileReference; fileEncoding = 4; lastKnownFileType = sourcecode.swift; path = HighScoreView.swift; sourceTree = "<group>"; };
		457B672E1CD426FE00EE127D /* AudioManager.swift */ = {isa = PBXFileReference; fileEncoding = 4; lastKnownFileType = sourcecode.swift; path = AudioManager.swift; sourceTree = "<group>"; };
		45A0BD231CD7EC72000A16B5 /* alien.png */ = {isa = PBXFileReference; lastKnownFileType = image.png; name = alien.png; path = Graphics/alien.png; sourceTree = "<group>"; };
		45A0BD241CD7EC72000A16B5 /* coin.png */ = {isa = PBXFileReference; lastKnownFileType = image.png; name = coin.png; path = Graphics/coin.png; sourceTree = "<group>"; };
		45A0BD291CD7EFA4000A16B5 /* goal.png */ = {isa = PBXFileReference; lastKnownFileType = image.png; name = goal.png; path = Graphics/goal.png; sourceTree = "<group>"; };
		45A0BD2B1CD7F228000A16B5 /* ship.png */ = {isa = PBXFileReference; lastKnownFileType = image.png; name = ship.png; path = Graphics/ship.png; sourceTree = "<group>"; };
		45A0BD2E1CD7F42F000A16B5 /* authors.png */ = {isa = PBXFileReference; lastKnownFileType = image.png; name = authors.png; path = Graphics/authors.png; sourceTree = "<group>"; };
		45A0BD2F1CD7F42F000A16B5 /* gameover.png */ = {isa = PBXFileReference; lastKnownFileType = image.png; name = gameover.png; path = Graphics/gameover.png; sourceTree = "<group>"; };
		45A0BD301CD7F42F000A16B5 /* highscores.png */ = {isa = PBXFileReference; lastKnownFileType = image.png; name = highscores.png; path = Graphics/highscores.png; sourceTree = "<group>"; };
		45A0BD311CD7F42F000A16B5 /* missioncomplete.png */ = {isa = PBXFileReference; lastKnownFileType = image.png; name = missioncomplete.png; path = Graphics/missioncomplete.png; sourceTree = "<group>"; };
		45A0BD321CD7F42F000A16B5 /* newmission.png */ = {isa = PBXFileReference; lastKnownFileType = image.png; name = newmission.png; path = Graphics/newmission.png; sourceTree = "<group>"; };
		45A0BD331CD7F42F000A16B5 /* options.png */ = {isa = PBXFileReference; lastKnownFileType = image.png; name = options.png; path = Graphics/options.png; sourceTree = "<group>"; };
		45A0BD341CD7F42F000A16B5 /* title_logo.png */ = {isa = PBXFileReference; lastKnownFileType = image.png; name = title_logo.png; path = Graphics/title_logo.png; sourceTree = "<group>"; };
		45A0BD3C1CD7FC30000A16B5 /* currentscore.png */ = {isa = PBXFileReference; lastKnownFileType = image.png; name = currentscore.png; path = Graphics/currentscore.png; sourceTree = "<group>"; };
		45A0BD3D1CD7FC30000A16B5 /* fxlevel.png */ = {isa = PBXFileReference; lastKnownFileType = image.png; name = fxlevel.png; path = Graphics/fxlevel.png; sourceTree = "<group>"; };
		45A0BD3E1CD7FC30000A16B5 /* lifetimescore.png */ = {isa = PBXFileReference; lastKnownFileType = image.png; name = lifetimescore.png; path = Graphics/lifetimescore.png; sourceTree = "<group>"; };
		45A0BD3F1CD7FC30000A16B5 /* musiclevel.png */ = {isa = PBXFileReference; lastKnownFileType = image.png; name = musiclevel.png; path = Graphics/musiclevel.png; sourceTree = "<group>"; };
		45A0BD401CD7FC30000A16B5 /* paused.png */ = {isa = PBXFileReference; lastKnownFileType = image.png; name = paused.png; path = Graphics/paused.png; sourceTree = "<group>"; };
		45A0BD461CD81446000A16B5 /* README.txt */ = {isa = PBXFileReference; fileEncoding = 4; lastKnownFileType = text; path = README.txt; sourceTree = "<group>"; };
		45C7A4981CD6BFAC00594D16 /* mainMusic.mp3 */ = {isa = PBXFileReference; lastKnownFileType = audio.mp3; path = mainMusic.mp3; sourceTree = "<group>"; };
		45C7A49B1CD6D77E00594D16 /* blackHole.jpg */ = {isa = PBXFileReference; lastKnownFileType = image.jpeg; name = blackHole.jpg; path = Graphics/blackHole.jpg; sourceTree = "<group>"; };
		45C7A49C1CD6D77E00594D16 /* halo.jpg */ = {isa = PBXFileReference; lastKnownFileType = image.jpeg; name = halo.jpg; path = Graphics/halo.jpg; sourceTree = "<group>"; };
		45C7A49D1CD6D77E00594D16 /* labryinth1.jpg */ = {isa = PBXFileReference; lastKnownFileType = image.jpeg; name = labryinth1.jpg; path = Graphics/labryinth1.jpg; sourceTree = "<group>"; };
		45C7A49E1CD6D77E00594D16 /* labryinth2.jpg */ = {isa = PBXFileReference; lastKnownFileType = image.jpeg; name = labryinth2.jpg; path = Graphics/labryinth2.jpg; sourceTree = "<group>"; };
		45C7A49F1CD6D77E00594D16 /* shuttleLaunch.jpg */ = {isa = PBXFileReference; lastKnownFileType = image.jpeg; name = shuttleLaunch.jpg; path = Graphics/shuttleLaunch.jpg; sourceTree = "<group>"; };
		45C7A4A01CD6D77E00594D16 /* space.jpg */ = {isa = PBXFileReference; lastKnownFileType = image.jpeg; name = space.jpg; path = Graphics/space.jpg; sourceTree = "<group>"; };
		45C7A4A11CD6D77E00594D16 /* space1.jpg */ = {isa = PBXFileReference; lastKnownFileType = image.jpeg; name = space1.jpg; path = Graphics/space1.jpg; sourceTree = "<group>"; };
		45C7A4A21CD6D77E00594D16 /* space2.jpg */ = {isa = PBXFileReference; lastKnownFileType = image.jpeg; name = space2.jpg; path = Graphics/space2.jpg; sourceTree = "<group>"; };
		45C7A4A31CD6D77E00594D16 /* space3.jpg */ = {isa = PBXFileReference; lastKnownFileType = image.jpeg; name = space3.jpg; path = Graphics/space3.jpg; sourceTree = "<group>"; };
		45C7A4A41CD6D77E00594D16 /* space4.jpg */ = {isa = PBXFileReference; lastKnownFileType = image.jpeg; name = space4.jpg; path = Graphics/space4.jpg; sourceTree = "<group>"; };
		45C7A4A51CD6D77E00594D16 /* space5.jpg */ = {isa = PBXFileReference; lastKnownFileType = image.jpeg; name = space5.jpg; path = Graphics/space5.jpg; sourceTree = "<group>"; };
		45C7A4A61CD6D77E00594D16 /* space6.jpg */ = {isa = PBXFileReference; lastKnownFileType = image.jpeg; name = space6.jpg; path = Graphics/space6.jpg; sourceTree = "<group>"; };
/* End PBXFileReference section */

/* Begin PBXFrameworksBuildPhase section */
		453B5D171CB85C0600FF61F8 /* Frameworks */ = {
			isa = PBXFrameworksBuildPhase;
			buildActionMask = 2147483647;
			files = (
			);
			runOnlyForDeploymentPostprocessing = 0;
		};
/* End PBXFrameworksBuildPhase section */

/* Begin PBXGroup section */
		0CC9EE9A1CD57F5E0031028A /* Managers */ = {
			isa = PBXGroup;
			children = (
				185EFBFD1CCACE0300C3F3BB /* ScoreManager.swift */,
				457B672E1CD426FE00EE127D /* AudioManager.swift */,
			);
			name = Managers;
			path = ..;
			sourceTree = "<group>";
		};
		0CCC74AC1CD405F200FF9895 /* Helpers */ = {
			isa = PBXGroup;
			children = (
				0CCC74AA1CD405CD00FF9895 /* MazeViewCellPriorityQueue.swift */,
				0C97F9841CCDC74000C7C2CD /* Collision.swift */,
			);
			name = Helpers;
			sourceTree = "<group>";
		};
		453B5D111CB85C0600FF61F8 = {
			isa = PBXGroup;
			children = (
				45A0BD461CD81446000A16B5 /* README.txt */,
				0C5EF7FA1CB9DC9B00707CFF /* Default-568h@2x.png */,
				453B5D1C1CB85C0600FF61F8 /* LabryinthMaster */,
				453B5D1B1CB85C0600FF61F8 /* Products */,
			);
			sourceTree = "<group>";
		};
		453B5D1B1CB85C0600FF61F8 /* Products */ = {
			isa = PBXGroup;
			children = (
				453B5D1A1CB85C0600FF61F8 /* LabryinthMaster.app */,
			);
			name = Products;
			sourceTree = "<group>";
		};
		453B5D1C1CB85C0600FF61F8 /* LabryinthMaster */ = {
			isa = PBXGroup;
			children = (
				453B5D1D1CB85C0600FF61F8 /* AppDelegate.swift */,
				4C6DE1CC1E32BBFB00182EE8 /* UI */,
				0CC9EE9A1CD57F5E0031028A /* Managers */,
				453B5D311CB85C3800FF61F8 /* Game */,
				4C6DE1C61E32BB7600182EE8 /* Assets */,
				453B5D241CB85C0600FF61F8 /* Assets.xcassets */,
				453B5D291CB85C0600FF61F8 /* Info.plist */,
				456647331CD562DF0061B5A4 /* LabData.plist */,
			);
			path = LabryinthMaster;
			sourceTree = "<group>";
		};
		453B5D301CB85C3200FF61F8 /* Game Objects */ = {
			isa = PBXGroup;
			children = (
				0C5EF7F81CB9D0A700707CFF /* MazeView.swift */,
				0C5EF7F61CB9CA8200707CFF /* Maze.swift */,
				187AFA6A1CBEF5EF00750D79 /* EnemyView.swift */,
				4553B6E81CCAD3710010C746 /* PlayerView.swift */,
			);
			name = "Game Objects";
			sourceTree = "<group>";
		};
		453B5D311CB85C3800FF61F8 /* Game */ = {
			isa = PBXGroup;
			children = (
				4553B6E61CCAD3710010C746 /* GameViewController.swift */,
				185EFC011CCACFA800C3F3BB /* GameManager.swift */,
				453B5D301CB85C3200FF61F8 /* Game Objects */,
				457B672B1CD426D600EE127D /* Device Managers */,
				0CCC74AC1CD405F200FF9895 /* Helpers */,
			);
			name = Game;
			path = ..;
			sourceTree = "<group>";
		};
		457B672B1CD426D600EE127D /* Device Managers */ = {
			isa = PBXGroup;
			children = (
				187AFA681CBEF2DB00750D79 /* GameLoop.swift */,
				4553B6E71CCAD3710010C746 /* Gyro.swift */,
				456647371CD567C10061B5A4 /* GameTimer.swift */,
			);
			name = "Device Managers";
			sourceTree = "<group>";
		};
		45A0BD2D1CD7F41F000A16B5 /* TitleGraphics */ = {
			isa = PBXGroup;
			children = (
				45A0BD3C1CD7FC30000A16B5 /* currentscore.png */,
				45A0BD3D1CD7FC30000A16B5 /* fxlevel.png */,
				45A0BD3E1CD7FC30000A16B5 /* lifetimescore.png */,
				45A0BD3F1CD7FC30000A16B5 /* musiclevel.png */,
				45A0BD401CD7FC30000A16B5 /* paused.png */,
				45A0BD2E1CD7F42F000A16B5 /* authors.png */,
				45A0BD2F1CD7F42F000A16B5 /* gameover.png */,
				45A0BD301CD7F42F000A16B5 /* highscores.png */,
				45A0BD311CD7F42F000A16B5 /* missioncomplete.png */,
				45A0BD321CD7F42F000A16B5 /* newmission.png */,
				45A0BD331CD7F42F000A16B5 /* options.png */,
				45A0BD341CD7F42F000A16B5 /* title_logo.png */,
			);
			name = TitleGraphics;
			sourceTree = "<group>";
		};
		45C7A49A1CD6D77400594D16 /* Graphics */ = {
			isa = PBXGroup;
			children = (
				45A0BD2B1CD7F228000A16B5 /* ship.png */,
				45A0BD231CD7EC72000A16B5 /* alien.png */,
				45A0BD291CD7EFA4000A16B5 /* goal.png */,
				45A0BD241CD7EC72000A16B5 /* coin.png */,
				45C7A49B1CD6D77E00594D16 /* blackHole.jpg */,
				45C7A49C1CD6D77E00594D16 /* halo.jpg */,
				45C7A49D1CD6D77E00594D16 /* labryinth1.jpg */,
				45C7A49E1CD6D77E00594D16 /* labryinth2.jpg */,
				45C7A49F1CD6D77E00594D16 /* shuttleLaunch.jpg */,
				45C7A4A01CD6D77E00594D16 /* space.jpg */,
				45C7A4A11CD6D77E00594D16 /* space1.jpg */,
				45C7A4A21CD6D77E00594D16 /* space2.jpg */,
				45C7A4A31CD6D77E00594D16 /* space3.jpg */,
				45C7A4A41CD6D77E00594D16 /* space4.jpg */,
				45C7A4A51CD6D77E00594D16 /* space5.jpg */,
				45C7A4A61CD6D77E00594D16 /* space6.jpg */,
			);
			name = Graphics;
			sourceTree = "<group>";
		};
		4C6DE1C11E32BB0200182EE8 /* Audio */ = {
			isa = PBXGroup;
			children = (
				45C7A4981CD6BFAC00594D16 /* mainMusic.mp3 */,
				0C1AFCD81CD5437000D1E20F /* coin.wav */,
				0C1AFCD91CD5437000D1E20F /* enemy.wav */,
				0C1AFCDA1CD5437000D1E20F /* enemy2.wav */,
				0C1AFCDB1CD5437000D1E20F /* highscore.wav */,
				0C1AFCDC1CD5437000D1E20F /* menu.wav */,
				0C1AFCDD1CD5437000D1E20F /* outoftime.wav */,
				0C1AFCDE1CD5437000D1E20F /* start.wav */,
				0C1AFCDF1CD5437000D1E20F /* win.wav */,
				0C1AFCE01CD5437000D1E20F /* win2.wav */,
			);
			name = Audio;
			sourceTree = "<group>";
		};
		4C6DE1C21E32BB4000182EE8 /* Main Menu */ = {
			isa = PBXGroup;
			children = (
				450CA1751CD4562600D78B63 /* MainMenuViewController.swift */,
				450CA16D1CD455DD00D78B63 /* MainMenuView.swift */,
			);
			name = "Main Menu";
			path = ..;
			sourceTree = "<group>";
		};
		4C6DE1C31E32BB4800182EE8 /* New Game */ = {
			isa = PBXGroup;
			children = (
				450CA17B1CD4583F00D78B63 /* NewGameViewController.swift */,
				450CA1731CD4561500D78B63 /* NewGameView.swift */,
			);
			name = "New Game";
			path = ..;
			sourceTree = "<group>";
		};
		4C6DE1C41E32BB5000182EE8 /* Options */ = {
			isa = PBXGroup;
			children = (
				450CA1771CD4563900D78B63 /* OptionsViewController.swift */,
				450CA16F1CD455F300D78B63 /* OptionsView.swift */,
			);
			name = Options;
			path = ..;
			sourceTree = "<group>";
		};
		4C6DE1C51E32BB5500182EE8 /* High Score */ = {
			isa = PBXGroup;
			children = (
				456647391CD589F60061B5A4 /* HighScoreViewController.swift */,
				4566473B1CD589FF0061B5A4 /* HighScoreView.swift */,
			);
			name = "High Score";
			path = ..;
			sourceTree = "<group>";
		};
		4C6DE1C61E32BB7600182EE8 /* Assets */ = {
			isa = PBXGroup;
			children = (
				45A0BD2D1CD7F41F000A16B5 /* TitleGraphics */,
				45C7A49A1CD6D77400594D16 /* Graphics */,
				4C6DE1C11E32BB0200182EE8 /* Audio */,
			);
			name = Assets;
			sourceTree = "<group>";
		};
		4C6DE1C71E32BBA800182EE8 /* Level Complete */ = {
			isa = PBXGroup;
			children = (
				4566472F1CD561F10061B5A4 /* LevelCompleteViewController.swift */,
				4566472D1CD561E40061B5A4 /* LevelCompleteView.swift */,
			);
			name = "Level Complete";
			path = ..;
			sourceTree = "<group>";
		};
		4C6DE1C81E32BBB200182EE8 /* Game Over */ = {
			isa = PBXGroup;
			children = (
				456647311CD561FC0061B5A4 /* GameOverViewController.swift */,
				4566472B1CD561D50061B5A4 /* GameOverView.swift */,
			);
			name = "Game Over";
			path = ..;
			sourceTree = "<group>";
		};
		4C6DE1C91E32BBBD00182EE8 /* Pause */ = {
			isa = PBXGroup;
			children = (
				450CA1791CD4565400D78B63 /* PauseViewController.swift */,
				450CA1711CD4560700D78B63 /* PauseView.swift */,
			);
			name = Pause;
			path = ..;
			sourceTree = "<group>";
		};
		4C6DE1CA1E32BBD900182EE8 /* In Game */ = {
			isa = PBXGroup;
			children = (
				4C6DE1C71E32BBA800182EE8 /* Level Complete */,
				4C6DE1C81E32BBB200182EE8 /* Game Over */,
				4C6DE1C91E32BBBD00182EE8 /* Pause */,
			);
			name = "In Game";
			sourceTree = "<group>";
		};
		4C6DE1CB1E32BBF300182EE8 /* Menus */ = {
			isa = PBXGroup;
			children = (
				4C6DE1C21E32BB4000182EE8 /* Main Menu */,
				4C6DE1C31E32BB4800182EE8 /* New Game */,
				4C6DE1C41E32BB5000182EE8 /* Options */,
				4C6DE1C51E32BB5500182EE8 /* High Score */,
			);
			name = Menus;
			sourceTree = "<group>";
		};
		4C6DE1CC1E32BBFB00182EE8 /* UI */ = {
			isa = PBXGroup;
			children = (
				4C6DE1CB1E32BBF300182EE8 /* Menus */,
				4C6DE1CA1E32BBD900182EE8 /* In Game */,
			);
			name = UI;
			sourceTree = "<group>";
		};
/* End PBXGroup section */

/* Begin PBXNativeTarget section */
		453B5D191CB85C0600FF61F8 /* LabryinthMaster */ = {
			isa = PBXNativeTarget;
			buildConfigurationList = 453B5D2C1CB85C0600FF61F8 /* Build configuration list for PBXNativeTarget "LabryinthMaster" */;
			buildPhases = (
				453B5D161CB85C0600FF61F8 /* Sources */,
				453B5D171CB85C0600FF61F8 /* Frameworks */,
				453B5D181CB85C0600FF61F8 /* Resources */,
			);
			buildRules = (
			);
			dependencies = (
			);
			name = LabryinthMaster;
			productName = LabryinthMaster;
			productReference = 453B5D1A1CB85C0600FF61F8 /* LabryinthMaster.app */;
			productType = "com.apple.product-type.application";
		};
/* End PBXNativeTarget section */

/* Begin PBXProject section */
		453B5D121CB85C0600FF61F8 /* Project object */ = {
			isa = PBXProject;
			attributes = {
				LastSwiftUpdateCheck = 0730;
				LastUpgradeCheck = 0820;
				ORGANIZATIONNAME = "Garin Richards";
				TargetAttributes = {
					453B5D191CB85C0600FF61F8 = {
						CreatedOnToolsVersion = 7.3;
						DevelopmentTeam = HXH9MZBPRJ;
						LastSwiftMigration = 0820;
					};
				};
			};
			buildConfigurationList = 453B5D151CB85C0600FF61F8 /* Build configuration list for PBXProject "LabryinthMaster" */;
			compatibilityVersion = "Xcode 3.2";
			developmentRegion = English;
			hasScannedForEncodings = 0;
			knownRegions = (
				en,
				Base,
			);
			mainGroup = 453B5D111CB85C0600FF61F8;
			productRefGroup = 453B5D1B1CB85C0600FF61F8 /* Products */;
			projectDirPath = "";
			projectRoot = "";
			targets = (
				453B5D191CB85C0600FF61F8 /* LabryinthMaster */,
			);
		};
/* End PBXProject section */

/* Begin PBXResourcesBuildPhase section */
		453B5D181CB85C0600FF61F8 /* Resources */ = {
			isa = PBXResourcesBuildPhase;
			buildActionMask = 2147483647;
			files = (
				45A0BD361CD7F42F000A16B5 /* gameover.png in Resources */,
				45C7A4B21CD6D77E00594D16 /* space6.jpg in Resources */,
				45A0BD421CD7FC30000A16B5 /* fxlevel.png in Resources */,
				45A0BD3A1CD7F42F000A16B5 /* options.png in Resources */,
				45A0BD451CD7FC30000A16B5 /* paused.png in Resources */,
				0C1AFCE91CD5437000D1E20F /* win2.wav in Resources */,
				45A0BD271CD7EC72000A16B5 /* coin.png in Resources */,
				45C7A4A81CD6D77E00594D16 /* halo.jpg in Resources */,
				45A0BD2C1CD7F228000A16B5 /* ship.png in Resources */,
				45C7A4B11CD6D77E00594D16 /* space5.jpg in Resources */,
				45C7A4AB1CD6D77E00594D16 /* shuttleLaunch.jpg in Resources */,
				45C7A4AA1CD6D77E00594D16 /* labryinth2.jpg in Resources */,
				453B5D251CB85C0600FF61F8 /* Assets.xcassets in Resources */,
				45A0BD2A1CD7EFA4000A16B5 /* goal.png in Resources */,
				45C7A4991CD6BFAC00594D16 /* mainMusic.mp3 in Resources */,
				45C7A4AC1CD6D77E00594D16 /* space.jpg in Resources */,
				0C1AFCE51CD5437000D1E20F /* menu.wav in Resources */,
				0C1AFCE41CD5437000D1E20F /* highscore.wav in Resources */,
				45C7A4A71CD6D77E00594D16 /* blackHole.jpg in Resources */,
				45A0BD441CD7FC30000A16B5 /* musiclevel.png in Resources */,
				45A0BD371CD7F42F000A16B5 /* highscores.png in Resources */,
				45A0BD411CD7FC30000A16B5 /* currentscore.png in Resources */,
				45C7A4AF1CD6D77E00594D16 /* space3.jpg in Resources */,
				45A0BD3B1CD7F42F000A16B5 /* title_logo.png in Resources */,
				45C7A4AD1CD6D77E00594D16 /* space1.jpg in Resources */,
				0C1AFCE71CD5437000D1E20F /* start.wav in Resources */,
				45A0BD351CD7F42F000A16B5 /* authors.png in Resources */,
				0C1AFCE61CD5437000D1E20F /* outoftime.wav in Resources */,
				0C1AFCE11CD5437000D1E20F /* coin.wav in Resources */,
				45C7A4B01CD6D77E00594D16 /* space4.jpg in Resources */,
				0C1AFCE81CD5437000D1E20F /* win.wav in Resources */,
				45C7A4A91CD6D77E00594D16 /* labryinth1.jpg in Resources */,
				0C5EF7FB1CB9DC9B00707CFF /* Default-568h@2x.png in Resources */,
				45A0BD391CD7F42F000A16B5 /* newmission.png in Resources */,
				0C1AFCE21CD5437000D1E20F /* enemy.wav in Resources */,
				0C1AFCE31CD5437000D1E20F /* enemy2.wav in Resources */,
				45A0BD261CD7EC72000A16B5 /* alien.png in Resources */,
				45A0BD431CD7FC30000A16B5 /* lifetimescore.png in Resources */,
				45A0BD381CD7F42F000A16B5 /* missioncomplete.png in Resources */,
				456647341CD562DF0061B5A4 /* LabData.plist in Resources */,
				45A0BD471CD81446000A16B5 /* README.txt in Resources */,
				45C7A4AE1CD6D77E00594D16 /* space2.jpg in Resources */,
			);
			runOnlyForDeploymentPostprocessing = 0;
		};
/* End PBXResourcesBuildPhase section */

/* Begin PBXSourcesBuildPhase section */
		453B5D161CB85C0600FF61F8 /* Sources */ = {
			isa = PBXSourcesBuildPhase;
			buildActionMask = 2147483647;
			files = (
				450CA1761CD4562600D78B63 /* MainMenuViewController.swift in Sources */,
				0C5EF7F91CB9D0A700707CFF /* MazeView.swift in Sources */,
				4566472C1CD561D50061B5A4 /* GameOverView.swift in Sources */,
				450CA17C1CD4583F00D78B63 /* NewGameViewController.swift in Sources */,
				187AFA6B1CBEF5EF00750D79 /* EnemyView.swift in Sources */,
				185EFC021CCACFA800C3F3BB /* GameManager.swift in Sources */,
				4566472E1CD561E40061B5A4 /* LevelCompleteView.swift in Sources */,
				450CA1721CD4560700D78B63 /* PauseView.swift in Sources */,
				450CA1701CD455F300D78B63 /* OptionsView.swift in Sources */,
				185EFBFE1CCACE0300C3F3BB /* ScoreManager.swift in Sources */,
				0C5EF7F71CB9CA8200707CFF /* Maze.swift in Sources */,
				456647321CD561FC0061B5A4 /* GameOverViewController.swift in Sources */,
				453B5D1E1CB85C0600FF61F8 /* AppDelegate.swift in Sources */,
				4553B6E91CCAD3710010C746 /* GameViewController.swift in Sources */,
				4553B6EA1CCAD3710010C746 /* Gyro.swift in Sources */,
				456647381CD567C10061B5A4 /* GameTimer.swift in Sources */,
				450CA16E1CD455DD00D78B63 /* MainMenuView.swift in Sources */,
				4566473C1CD589FF0061B5A4 /* HighScoreView.swift in Sources */,
				4566473A1CD589F60061B5A4 /* HighScoreViewController.swift in Sources */,
				456647301CD561F10061B5A4 /* LevelCompleteViewController.swift in Sources */,
				450CA1781CD4563900D78B63 /* OptionsViewController.swift in Sources */,
				187AFA691CBEF2DB00750D79 /* GameLoop.swift in Sources */,
				0C97F9851CCDC74000C7C2CD /* Collision.swift in Sources */,
				0CCC74AB1CD405CD00FF9895 /* MazeViewCellPriorityQueue.swift in Sources */,
				4553B6EB1CCAD3710010C746 /* PlayerView.swift in Sources */,
				450CA17A1CD4565400D78B63 /* PauseViewController.swift in Sources */,
				450CA1741CD4561500D78B63 /* NewGameView.swift in Sources */,
				457B672F1CD426FE00EE127D /* AudioManager.swift in Sources */,
			);
			runOnlyForDeploymentPostprocessing = 0;
		};
/* End PBXSourcesBuildPhase section */

/* Begin XCBuildConfiguration section */
		453B5D2A1CB85C0600FF61F8 /* Debug */ = {
			isa = XCBuildConfiguration;
			buildSettings = {
				ALWAYS_SEARCH_USER_PATHS = NO;
				CLANG_ANALYZER_NONNULL = YES;
				CLANG_CXX_LANGUAGE_STANDARD = "gnu++0x";
				CLANG_CXX_LIBRARY = "libc++";
				CLANG_ENABLE_MODULES = YES;
				CLANG_ENABLE_OBJC_ARC = YES;
				CLANG_WARN_BOOL_CONVERSION = YES;
				CLANG_WARN_CONSTANT_CONVERSION = YES;
				CLANG_WARN_DIRECT_OBJC_ISA_USAGE = YES_ERROR;
				CLANG_WARN_EMPTY_BODY = YES;
				CLANG_WARN_ENUM_CONVERSION = YES;
				CLANG_WARN_INFINITE_RECURSION = YES;
				CLANG_WARN_INT_CONVERSION = YES;
				CLANG_WARN_OBJC_ROOT_CLASS = YES_ERROR;
				CLANG_WARN_SUSPICIOUS_MOVE = YES;
				CLANG_WARN_UNREACHABLE_CODE = YES;
				CLANG_WARN__DUPLICATE_METHOD_MATCH = YES;
				"CODE_SIGN_IDENTITY[sdk=iphoneos*]" = "iPhone Developer";
				COPY_PHASE_STRIP = NO;
				DEBUG_INFORMATION_FORMAT = dwarf;
				ENABLE_STRICT_OBJC_MSGSEND = YES;
				ENABLE_TESTABILITY = YES;
				GCC_C_LANGUAGE_STANDARD = gnu99;
				GCC_DYNAMIC_NO_PIC = NO;
				GCC_NO_COMMON_BLOCKS = YES;
				GCC_OPTIMIZATION_LEVEL = 0;
				GCC_PREPROCESSOR_DEFINITIONS = (
					"DEBUG=1",
					"$(inherited)",
				);
				GCC_WARN_64_TO_32_BIT_CONVERSION = YES;
				GCC_WARN_ABOUT_RETURN_TYPE = YES_ERROR;
				GCC_WARN_UNDECLARED_SELECTOR = YES;
				GCC_WARN_UNINITIALIZED_AUTOS = YES_AGGRESSIVE;
				GCC_WARN_UNUSED_FUNCTION = YES;
				GCC_WARN_UNUSED_VARIABLE = YES;
				IPHONEOS_DEPLOYMENT_TARGET = 9.3;
				MTL_ENABLE_DEBUG_INFO = YES;
				ONLY_ACTIVE_ARCH = YES;
				SDKROOT = iphoneos;
				SWIFT_OPTIMIZATION_LEVEL = "-Onone";
				TARGETED_DEVICE_FAMILY = "1,2";
			};
			name = Debug;
		};
		453B5D2B1CB85C0600FF61F8 /* Release */ = {
			isa = XCBuildConfiguration;
			buildSettings = {
				ALWAYS_SEARCH_USER_PATHS = NO;
				CLANG_ANALYZER_NONNULL = YES;
				CLANG_CXX_LANGUAGE_STANDARD = "gnu++0x";
				CLANG_CXX_LIBRARY = "libc++";
				CLANG_ENABLE_MODULES = YES;
				CLANG_ENABLE_OBJC_ARC = YES;
				CLANG_WARN_BOOL_CONVERSION = YES;
				CLANG_WARN_CONSTANT_CONVERSION = YES;
				CLANG_WARN_DIRECT_OBJC_ISA_USAGE = YES_ERROR;
				CLANG_WARN_EMPTY_BODY = YES;
				CLANG_WARN_ENUM_CONVERSION = YES;
				CLANG_WARN_INFINITE_RECURSION = YES;
				CLANG_WARN_INT_CONVERSION = YES;
				CLANG_WARN_OBJC_ROOT_CLASS = YES_ERROR;
				CLANG_WARN_SUSPICIOUS_MOVE = YES;
				CLANG_WARN_UNREACHABLE_CODE = YES;
				CLANG_WARN__DUPLICATE_METHOD_MATCH = YES;
				"CODE_SIGN_IDENTITY[sdk=iphoneos*]" = "iPhone Developer";
				COPY_PHASE_STRIP = NO;
				DEBUG_INFORMATION_FORMAT = "dwarf-with-dsym";
				ENABLE_NS_ASSERTIONS = NO;
				ENABLE_STRICT_OBJC_MSGSEND = YES;
				GCC_C_LANGUAGE_STANDARD = gnu99;
				GCC_NO_COMMON_BLOCKS = YES;
				GCC_WARN_64_TO_32_BIT_CONVERSION = YES;
				GCC_WARN_ABOUT_RETURN_TYPE = YES_ERROR;
				GCC_WARN_UNDECLARED_SELECTOR = YES;
				GCC_WARN_UNINITIALIZED_AUTOS = YES_AGGRESSIVE;
				GCC_WARN_UNUSED_FUNCTION = YES;
				GCC_WARN_UNUSED_VARIABLE = YES;
				IPHONEOS_DEPLOYMENT_TARGET = 9.3;
				MTL_ENABLE_DEBUG_INFO = NO;
				SDKROOT = iphoneos;
				SWIFT_OPTIMIZATION_LEVEL = "-Owholemodule";
				TARGETED_DEVICE_FAMILY = "1,2";
				VALIDATE_PRODUCT = YES;
			};
			name = Release;
		};
		453B5D2D1CB85C0600FF61F8 /* Debug */ = {
			isa = XCBuildConfiguration;
			buildSettings = {
				ASSETCATALOG_COMPILER_APPICON_NAME = AppIcon;
				CODE_SIGN_IDENTITY = "iPhone Developer";
				"CODE_SIGN_IDENTITY[sdk=iphoneos*]" = "iPhone Developer";
				DEVELOPMENT_TEAM = HXH9MZBPRJ;
				INFOPLIST_FILE = LabryinthMaster/Info.plist;
				IPHONEOS_DEPLOYMENT_TARGET = 9.3;
				LD_RUNPATH_SEARCH_PATHS = "$(inherited) @executable_path/Frameworks";
				PRODUCT_BUNDLE_IDENTIFIER = edu.utah.cs4962.LabryinthMaster2;
				PRODUCT_NAME = "$(TARGET_NAME)";
				PROVISIONING_PROFILE = "";
				SWIFT_VERSION = 3.0;
			};
			name = Debug;
		};
		453B5D2E1CB85C0600FF61F8 /* Release */ = {
			isa = XCBuildConfiguration;
			buildSettings = {
				ASSETCATALOG_COMPILER_APPICON_NAME = AppIcon;
				CODE_SIGN_IDENTITY = "iPhone Developer";
				"CODE_SIGN_IDENTITY[sdk=iphoneos*]" = "iPhone Developer";
				DEVELOPMENT_TEAM = HXH9MZBPRJ;
				INFOPLIST_FILE = LabryinthMaster/Info.plist;
				IPHONEOS_DEPLOYMENT_TARGET = 9.3;
				LD_RUNPATH_SEARCH_PATHS = "$(inherited) @executable_path/Frameworks";
				PRODUCT_BUNDLE_IDENTIFIER = edu.utah.cs4962.LabryinthMaster2;
				PRODUCT_NAME = "$(TARGET_NAME)";
				PROVISIONING_PROFILE = "";
				SWIFT_VERSION = 3.0;
			};
			name = Release;
		};
/* End XCBuildConfiguration section */

/* Begin XCConfigurationList section */
		453B5D151CB85C0600FF61F8 /* Build configuration list for PBXProject "LabryinthMaster" */ = {
			isa = XCConfigurationList;
			buildConfigurations = (
				453B5D2A1CB85C0600FF61F8 /* Debug */,
				453B5D2B1CB85C0600FF61F8 /* Release */,
			);
			defaultConfigurationIsVisible = 0;
			defaultConfigurationName = Release;
		};
		453B5D2C1CB85C0600FF61F8 /* Build configuration list for PBXNativeTarget "LabryinthMaster" */ = {
			isa = XCConfigurationList;
			buildConfigurations = (
				453B5D2D1CB85C0600FF61F8 /* Debug */,
				453B5D2E1CB85C0600FF61F8 /* Release */,
			);
			defaultConfigurationIsVisible = 0;
			defaultConfigurationName = Release;
		};
/* End XCConfigurationList section */
	};
	rootObject = 453B5D121CB85C0600FF61F8 /* Project object */;
}
