// !$*UTF8*$!
{
	archiveVersion = 1;
	classes = {
	};
	objectVersion = 46;
	objects = {

/* Begin PBXBuildFile section */
		452678D61CBB2AF30093F853 /* Default-568h@2x.png in Resources */ = {isa = PBXBuildFile; fileRef = 452678D51CBB2AF30093F853 /* Default-568h@2x.png */; };
		453B5D001CB85BEF00FF61F8 /* AppDelegate.swift in Sources */ = {isa = PBXBuildFile; fileRef = 453B5CFF1CB85BEF00FF61F8 /* AppDelegate.swift */; };
		453B5D071CB85BEF00FF61F8 /* Assets.xcassets in Resources */ = {isa = PBXBuildFile; fileRef = 453B5D061CB85BEF00FF61F8 /* Assets.xcassets */; };
		4571D3071CBAC3C300039FF2 /* GyroViewController.swift in Sources */ = {isa = PBXBuildFile; fileRef = 4571D3061CBAC3C300039FF2 /* GyroViewController.swift */; };
		4571D3091CBAC3C900039FF2 /* GyroView.swift in Sources */ = {isa = PBXBuildFile; fileRef = 4571D3081CBAC3C900039FF2 /* GyroView.swift */; };
		457F71FE1CBF3BE1008588B8 /* GameLoop.swift in Sources */ = {isa = PBXBuildFile; fileRef = 457F71FD1CBF3BE1008588B8 /* GameLoop.swift */; };
		4584EAD71CBEF185009DA9B1 /* PlayerCell.swift in Sources */ = {isa = PBXBuildFile; fileRef = 4584EAD61CBEF185009DA9B1 /* PlayerCell.swift */; };
/* End PBXBuildFile section */

/* Begin PBXFileReference section */
		452678D51CBB2AF30093F853 /* Default-568h@2x.png */ = {isa = PBXFileReference; lastKnownFileType = image.png; path = "Default-568h@2x.png"; sourceTree = "<group>"; };
		453B5CFC1CB85BEF00FF61F8 /* Movement_Test.app */ = {isa = PBXFileReference; explicitFileType = wrapper.application; includeInIndex = 0; path = Movement_Test.app; sourceTree = BUILT_PRODUCTS_DIR; };
		453B5CFF1CB85BEF00FF61F8 /* AppDelegate.swift */ = {isa = PBXFileReference; lastKnownFileType = sourcecode.swift; path = AppDelegate.swift; sourceTree = "<group>"; };
		453B5D061CB85BEF00FF61F8 /* Assets.xcassets */ = {isa = PBXFileReference; lastKnownFileType = folder.assetcatalog; path = Assets.xcassets; sourceTree = "<group>"; };
		453B5D0B1CB85BEF00FF61F8 /* Info.plist */ = {isa = PBXFileReference; lastKnownFileType = text.plist.xml; path = Info.plist; sourceTree = "<group>"; };
		4571D3061CBAC3C300039FF2 /* GyroViewController.swift */ = {isa = PBXFileReference; fileEncoding = 4; lastKnownFileType = sourcecode.swift; path = GyroViewController.swift; sourceTree = "<group>"; };
		4571D3081CBAC3C900039FF2 /* GyroView.swift */ = {isa = PBXFileReference; fileEncoding = 4; lastKnownFileType = sourcecode.swift; path = GyroView.swift; sourceTree = "<group>"; };
		457F71FD1CBF3BE1008588B8 /* GameLoop.swift */ = {isa = PBXFileReference; fileEncoding = 4; lastKnownFileType = sourcecode.swift; path = GameLoop.swift; sourceTree = "<group>"; };
		4584EAD61CBEF185009DA9B1 /* PlayerCell.swift */ = {isa = PBXFileReference; fileEncoding = 4; lastKnownFileType = sourcecode.swift; path = PlayerCell.swift; sourceTree = "<group>"; };
/* End PBXFileReference section */

/* Begin PBXFrameworksBuildPhase section */
		453B5CF91CB85BEF00FF61F8 /* Frameworks */ = {
			isa = PBXFrameworksBuildPhase;
			buildActionMask = 2147483647;
			files = (
			);
			runOnlyForDeploymentPostprocessing = 0;
		};
/* End PBXFrameworksBuildPhase section */

/* Begin PBXGroup section */
		453B5CF31CB85BEF00FF61F8 = {
			isa = PBXGroup;
			children = (
				452678D51CBB2AF30093F853 /* Default-568h@2x.png */,
				453B5CFE1CB85BEF00FF61F8 /* Movement_Test */,
				453B5CFD1CB85BEF00FF61F8 /* Products */,
			);
			sourceTree = "<group>";
		};
		453B5CFD1CB85BEF00FF61F8 /* Products */ = {
			isa = PBXGroup;
			children = (
				453B5CFC1CB85BEF00FF61F8 /* Movement_Test.app */,
			);
			name = Products;
			sourceTree = "<group>";
		};
		453B5CFE1CB85BEF00FF61F8 /* Movement_Test */ = {
			isa = PBXGroup;
			children = (
				453B5CFF1CB85BEF00FF61F8 /* AppDelegate.swift */,
				453B5D061CB85BEF00FF61F8 /* Assets.xcassets */,
				453B5D0B1CB85BEF00FF61F8 /* Info.plist */,
				4571D30B1CBAC3D600039FF2 /* Controllers */,
				4571D30C1CBAC3DE00039FF2 /* Views */,
				457F71FD1CBF3BE1008588B8 /* GameLoop.swift */,
			);
			path = Movement_Test;
			sourceTree = "<group>";
		};
		4571D30B1CBAC3D600039FF2 /* Controllers */ = {
			isa = PBXGroup;
			children = (
				4571D3061CBAC3C300039FF2 /* GyroViewController.swift */,
			);
			name = Controllers;
			sourceTree = "<group>";
		};
		4571D30C1CBAC3DE00039FF2 /* Views */ = {
			isa = PBXGroup;
			children = (
				4571D3081CBAC3C900039FF2 /* GyroView.swift */,
				4584EAD61CBEF185009DA9B1 /* PlayerCell.swift */,
			);
			name = Views;
			sourceTree = "<group>";
		};
/* End PBXGroup section */

/* Begin PBXNativeTarget section */
		453B5CFB1CB85BEF00FF61F8 /* Movement_Test */ = {
			isa = PBXNativeTarget;
			buildConfigurationList = 453B5D0E1CB85BEF00FF61F8 /* Build configuration list for PBXNativeTarget "Movement_Test" */;
			buildPhases = (
				453B5CF81CB85BEF00FF61F8 /* Sources */,
				453B5CF91CB85BEF00FF61F8 /* Frameworks */,
				453B5CFA1CB85BEF00FF61F8 /* Resources */,
			);
			buildRules = (
			);
			dependencies = (
			);
			name = Movement_Test;
			productName = Movement_Test;
			productReference = 453B5CFC1CB85BEF00FF61F8 /* Movement_Test.app */;
			productType = "com.apple.product-type.application";
		};
/* End PBXNativeTarget section */

/* Begin PBXProject section */
		453B5CF41CB85BEF00FF61F8 /* Project object */ = {
			isa = PBXProject;
			attributes = {
				LastSwiftUpdateCheck = 0730;
				LastUpgradeCheck = 0730;
				ORGANIZATIONNAME = "Garin Richards";
				TargetAttributes = {
					453B5CFB1CB85BEF00FF61F8 = {
						CreatedOnToolsVersion = 7.3;
						DevelopmentTeam = HXH9MZBPRJ;
					};
				};
			};
			buildConfigurationList = 453B5CF71CB85BEF00FF61F8 /* Build configuration list for PBXProject "Movement_Test" */;
			compatibilityVersion = "Xcode 3.2";
			developmentRegion = English;
			hasScannedForEncodings = 0;
			knownRegions = (
				en,
				Base,
			);
			mainGroup = 453B5CF31CB85BEF00FF61F8;
			productRefGroup = 453B5CFD1CB85BEF00FF61F8 /* Products */;
			projectDirPath = "";
			projectRoot = "";
			targets = (
				453B5CFB1CB85BEF00FF61F8 /* Movement_Test */,
			);
		};
/* End PBXProject section */

/* Begin PBXResourcesBuildPhase section */
		453B5CFA1CB85BEF00FF61F8 /* Resources */ = {
			isa = PBXResourcesBuildPhase;
			buildActionMask = 2147483647;
			files = (
				453B5D071CB85BEF00FF61F8 /* Assets.xcassets in Resources */,
				452678D61CBB2AF30093F853 /* Default-568h@2x.png in Resources */,
			);
			runOnlyForDeploymentPostprocessing = 0;
		};
/* End PBXResourcesBuildPhase section */

/* Begin PBXSourcesBuildPhase section */
		453B5CF81CB85BEF00FF61F8 /* Sources */ = {
			isa = PBXSourcesBuildPhase;
			buildActionMask = 2147483647;
			files = (
				457F71FE1CBF3BE1008588B8 /* GameLoop.swift in Sources */,
				4584EAD71CBEF185009DA9B1 /* PlayerCell.swift in Sources */,
				4571D3091CBAC3C900039FF2 /* GyroView.swift in Sources */,
				453B5D001CB85BEF00FF61F8 /* AppDelegate.swift in Sources */,
				4571D3071CBAC3C300039FF2 /* GyroViewController.swift in Sources */,
			);
			runOnlyForDeploymentPostprocessing = 0;
		};
/* End PBXSourcesBuildPhase section */

/* Begin XCBuildConfiguration section */
		453B5D0C1CB85BEF00FF61F8 /* Debug */ = {
			isa = XCBuildConfiguration;
			buildSettings = {
				ALWAYS_SEARCH_USER_PATHS = NO;
				CLANG_ANALYZER_NONNULL = YES;
				CLANG_CXX_LANGUAGE_STANDARD = "gnu++0x";
				CLANG_CXX_LIBRARY = "libc++";
				CLANG_ENABLE_MODULES = YES;
				CLANG_ENABLE_OBJC_ARC = YES;
				CLANG_WARN_BOOL_CONVERSION = YES;
				CLANG_WARN_CONSTANT_CONVERSION = YES;
				CLANG_WARN_DIRECT_OBJC_ISA_USAGE = YES_ERROR;
				CLANG_WARN_EMPTY_BODY = YES;
				CLANG_WARN_ENUM_CONVERSION = YES;
				CLANG_WARN_INT_CONVERSION = YES;
				CLANG_WARN_OBJC_ROOT_CLASS = YES_ERROR;
				CLANG_WARN_UNREACHABLE_CODE = YES;
				CLANG_WARN__DUPLICATE_METHOD_MATCH = YES;
				"CODE_SIGN_IDENTITY[sdk=iphoneos*]" = "iPhone Developer";
				COPY_PHASE_STRIP = NO;
				DEBUG_INFORMATION_FORMAT = dwarf;
				ENABLE_STRICT_OBJC_MSGSEND = YES;
				ENABLE_TESTABILITY = YES;
				GCC_C_LANGUAGE_STANDARD = gnu99;
				GCC_DYNAMIC_NO_PIC = NO;
				GCC_NO_COMMON_BLOCKS = YES;
				GCC_OPTIMIZATION_LEVEL = 0;
				GCC_PREPROCESSOR_DEFINITIONS = (
					"DEBUG=1",
					"$(inherited)",
				);
				GCC_WARN_64_TO_32_BIT_CONVERSION = YES;
				GCC_WARN_ABOUT_RETURN_TYPE = YES_ERROR;
				GCC_WARN_UNDECLARED_SELECTOR = YES;
				GCC_WARN_UNINITIALIZED_AUTOS = YES_AGGRESSIVE;
				GCC_WARN_UNUSED_FUNCTION = YES;
				GCC_WARN_UNUSED_VARIABLE = YES;
				IPHONEOS_DEPLOYMENT_TARGET = 9.3;
				MTL_ENABLE_DEBUG_INFO = YES;
				ONLY_ACTIVE_ARCH = YES;
				SDKROOT = iphoneos;
				SWIFT_OPTIMIZATION_LEVEL = "-Onone";
				TARGETED_DEVICE_FAMILY = "1,2";
			};
			name = Debug;
		};
		453B5D0D1CB85BEF00FF61F8 /* Release */ = {
			isa = XCBuildConfiguration;
			buildSettings = {
				ALWAYS_SEARCH_USER_PATHS = NO;
				CLANG_ANALYZER_NONNULL = YES;
				CLANG_CXX_LANGUAGE_STANDARD = "gnu++0x";
				CLANG_CXX_LIBRARY = "libc++";
				CLANG_ENABLE_MODULES = YES;
				CLANG_ENABLE_OBJC_ARC = YES;
				CLANG_WARN_BOOL_CONVERSION = YES;
				CLANG_WARN_CONSTANT_CONVERSION = YES;
				CLANG_WARN_DIRECT_OBJC_ISA_USAGE = YES_ERROR;
				CLANG_WARN_EMPTY_BODY = YES;
				CLANG_WARN_ENUM_CONVERSION = YES;
				CLANG_WARN_INT_CONVERSION = YES;
				CLANG_WARN_OBJC_ROOT_CLASS = YES_ERROR;
				CLANG_WARN_UNREACHABLE_CODE = YES;
				CLANG_WARN__DUPLICATE_METHOD_MATCH = YES;
				"CODE_SIGN_IDENTITY[sdk=iphoneos*]" = "iPhone Developer";
				COPY_PHASE_STRIP = NO;
				DEBUG_INFORMATION_FORMAT = "dwarf-with-dsym";
				ENABLE_NS_ASSERTIONS = NO;
				ENABLE_STRICT_OBJC_MSGSEND = YES;
				GCC_C_LANGUAGE_STANDARD = gnu99;
				GCC_NO_COMMON_BLOCKS = YES;
				GCC_WARN_64_TO_32_BIT_CONVERSION = YES;
				GCC_WARN_ABOUT_RETURN_TYPE = YES_ERROR;
				GCC_WARN_UNDECLARED_SELECTOR = YES;
				GCC_WARN_UNINITIALIZED_AUTOS = YES_AGGRESSIVE;
				GCC_WARN_UNUSED_FUNCTION = YES;
				GCC_WARN_UNUSED_VARIABLE = YES;
				IPHONEOS_DEPLOYMENT_TARGET = 9.3;
				MTL_ENABLE_DEBUG_INFO = NO;
				SDKROOT = iphoneos;
				TARGETED_DEVICE_FAMILY = "1,2";
				VALIDATE_PRODUCT = YES;
			};
			name = Release;
		};
		453B5D0F1CB85BEF00FF61F8 /* Debug */ = {
			isa = XCBuildConfiguration;
			buildSettings = {
				ASSETCATALOG_COMPILER_APPICON_NAME = AppIcon;
				CODE_SIGN_IDENTITY = "iPhone Developer";
				"CODE_SIGN_IDENTITY[sdk=iphoneos*]" = "iPhone Developer";
				INFOPLIST_FILE = Movement_Test/Info.plist;
				IPHONEOS_DEPLOYMENT_TARGET = 8.1;
				LD_RUNPATH_SEARCH_PATHS = "$(inherited) @executable_path/Frameworks";
				PRODUCT_BUNDLE_IDENTIFIER = "edu.utah.cs4962.Movement-Test2";
				PRODUCT_NAME = "$(TARGET_NAME)";
				PROVISIONING_PROFILE = "";
			};
			name = Debug;
		};
		453B5D101CB85BEF00FF61F8 /* Release */ = {
			isa = XCBuildConfiguration;
			buildSettings = {
				ASSETCATALOG_COMPILER_APPICON_NAME = AppIcon;
				CODE_SIGN_IDENTITY = "iPhone Developer";
				"CODE_SIGN_IDENTITY[sdk=iphoneos*]" = "iPhone Developer";
				INFOPLIST_FILE = Movement_Test/Info.plist;
				IPHONEOS_DEPLOYMENT_TARGET = 8.1;
				LD_RUNPATH_SEARCH_PATHS = "$(inherited) @executable_path/Frameworks";
				PRODUCT_BUNDLE_IDENTIFIER = "edu.utah.cs4962.Movement-Test2";
				PRODUCT_NAME = "$(TARGET_NAME)";
				PROVISIONING_PROFILE = "";
			};
			name = Release;
		};
/* End XCBuildConfiguration section */

/* Begin XCConfigurationList section */
		453B5CF71CB85BEF00FF61F8 /* Build configuration list for PBXProject "Movement_Test" */ = {
			isa = XCConfigurationList;
			buildConfigurations = (
				453B5D0C1CB85BEF00FF61F8 /* Debug */,
				453B5D0D1CB85BEF00FF61F8 /* Release */,
			);
			defaultConfigurationIsVisible = 0;
			defaultConfigurationName = Release;
		};
		453B5D0E1CB85BEF00FF61F8 /* Build configuration list for PBXNativeTarget "Movement_Test" */ = {
			isa = XCConfigurationList;
			buildConfigurations = (
				453B5D0F1CB85BEF00FF61F8 /* Debug */,
				453B5D101CB85BEF00FF61F8 /* Release */,
			);
			defaultConfigurationIsVisible = 0;
			defaultConfigurationName = Release;
		};
/* End XCConfigurationList section */
	};
	rootObject = 453B5CF41CB85BEF00FF61F8 /* Project object */;
}
